PODS:
  - Crashlytics (3.7.0):
    - Fabric (~> 1.6.3)
  - Fabric (1.6.7)
  - SupportKit (2.11.1)

DEPENDENCIES:
  - Crashlytics (= 3.7.0)
  - Fabric (= 1.6.7)
  - SupportKit (= 2.11.1)

SPEC CHECKSUMS:
  Crashlytics: c3a2333dea9e2733d2777f730910321fc9e25c0d
  Fabric: caf7580c725e64db144f610ac65cd60956911dc7
  SupportKit: 3372cf5d6090de7bd035bee21589b0efb9016fd6

COCOAPODS: 0.39.0
